
Microsoft Visual Studio Solution File, Format Version 12.00
# Visual Studio Version 17
VisualStudioVersion = 17.0.32428.209
MinimumVisualStudioVersion = 10.0.40219.1
Project("{FAE04EC0-301F-11D3-BF4B-00C04F79EFBC}") = "DereksBlazorApp3", "DereksBlazorApp3\DereksBlazorApp3.csproj", "{8AE2AA25-38C6-4622-90A5-1742F4764839}"
EndProject
Global
	GlobalSection(SolutionConfigurationPlatforms) = preSolution
		Debug|Any CPU = Debug|Any CPU
		Release|Any CPU = Release|Any CPU
	EndGlobalSection
	GlobalSection(ProjectConfigurationPlatforms) = postSolution
		{8AE2AA25-38C6-4622-90A5-1742F4764839}.Debug|Any CPU.ActiveCfg = Debug|Any CPU
		{8AE2AA25-38C6-4622-90A5-1742F4764839}.Debug|Any CPU.Build.0 = Debug|Any CPU
		{8AE2AA25-38C6-4622-90A5-1742F4764839}.Release|Any CPU.ActiveCfg = Release|Any CPU
		{8AE2AA25-38C6-4622-90A5-1742F4764839}.Release|Any CPU.Build.0 = Release|Any CPU
	EndGlobalSection
	GlobalSection(SolutionProperties) = preSolution
		HideSolutionNode = FALSE
	EndGlobalSection
	GlobalSection(ExtensibilityGlobals) = postSolution
		SolutionGuid = {B21462F6-C7AC-4BCC-B3D0-672D443D6C10}
	EndGlobalSection
EndGlobal
